
Microsoft Visual Studio Solution File, Format Version 12.00
# Visual Studio Version 16
VisualStudioVersion = 16.0.31729.503
MinimumVisualStudioVersion = 10.0.40219.1
Project("{FAE04EC0-301F-11D3-BF4B-00C04F79EFBC}") = "Calculator", "Calculator\Calculator.csproj", "{888AE323-90D2-45ED-B7D7-DF03E879D5FD}"
EndProject
Global
	GlobalSection(SolutionConfigurationPlatforms) = preSolution
		Debug|Any CPU = Debug|Any CPU
		Release|Any CPU = Release|Any CPU
	EndGlobalSection
	GlobalSection(ProjectConfigurationPlatforms) = postSolution
		{888AE323-90D2-45ED-B7D7-DF03E879D5FD}.Debug|Any CPU.ActiveCfg = Debug|Any CPU
		{888AE323-90D2-45ED-B7D7-DF03E879D5FD}.Debug|Any CPU.Build.0 = Debug|Any CPU
		{888AE323-90D2-45ED-B7D7-DF03E879D5FD}.Release|Any CPU.ActiveCfg = Release|Any CPU
		{888AE323-90D2-45ED-B7D7-DF03E879D5FD}.Release|Any CPU.Build.0 = Release|Any CPU
	EndGlobalSection
	GlobalSection(SolutionProperties) = preSolution
		HideSolutionNode = FALSE
	EndGlobalSection
	GlobalSection(ExtensibilityGlobals) = postSolution
		SolutionGuid = {F54BE4D2-D0B0-4212-B966-7AEB78DA05A1}
	EndGlobalSection
EndGlobal
